{
  "name": "simple-example",
  "version": "1.0.0",
  "lockfileVersion": 1,
  "requires": true,
  "dependencies": {
    "elix": {
      "version": "8.0.0",
      "resolved": "https://registry.npmjs.org/elix/-/elix-8.0.0.tgz",
      "integrity": "sha512-KKdXFsrbGFplF/fiVtEegc5BdnFgAfE/QFFYJOihX+uWA/3YHRSBEuu/ufJG2sHhvL515gHHERY/NvWfmi5Vtg=="
    }
  }
}
