{
  "name": "simple-example",
  "version": "1.0.0",
  "lockfileVersion": 1,
  "requires": true,
  "dependencies": {
    "elix": {
      "version": "11.0.1",
      "resolved": "https://registry.npmjs.org/elix/-/elix-11.0.1.tgz",
      "integrity": "sha512-C7Hx4cHYzFyTCT9oTN2s4a1eVVayfC6xEPBrkWQFaYSFAG0bvJPISNagy1EoQvGdDOFIjas6ga/G8UcBUEKmCw=="
    }
  }
}
